// !$*UTF8*$!
{
	archiveVersion = 1;
	classes = {
	};
	objectVersion = 48;
	objects = {

/* Begin PBXBuildFile section */
		6016CEDA20CBDC4100822F00 /* TestDetailsCell.xib in Resources */ = {isa = PBXBuildFile; fileRef = 6016CED820CBDC4100822F00 /* TestDetailsCell.xib */; };
		6016CEDB20CBDC4100822F00 /* TestDetailsCell.swift in Sources */ = {isa = PBXBuildFile; fileRef = 6016CED920CBDC4100822F00 /* TestDetailsCell.swift */; };
		6036D27E219304CA001F0A42 /* RandomizingTest.swift in Sources */ = {isa = PBXBuildFile; fileRef = 6036D27D219304CA001F0A42 /* RandomizingTest.swift */; };
		6041623F20CDA02800C5C445 /* SimpleLoopTest.swift in Sources */ = {isa = PBXBuildFile; fileRef = 6041623E20CDA02800C5C445 /* SimpleLoopTest.swift */; };
		6042F98520DFAFD800FEF480 /* Dog.swift in Sources */ = {isa = PBXBuildFile; fileRef = 6042F98420DFAFD800FEF480 /* Dog.swift */; };
		6042F98720DFAFE100FEF480 /* Person.swift in Sources */ = {isa = PBXBuildFile; fileRef = 6042F98620DFAFE100FEF480 /* Person.swift */; };
		6042F98920DFB3A200FEF480 /* SimpleDatabaseInsertingTest.swift in Sources */ = {isa = PBXBuildFile; fileRef = 6042F98820DFB3A200FEF480 /* SimpleDatabaseInsertingTest.swift */; };
		606B77F320E16F9300871284 /* ComplexDatabaseInsertingTest.swift in Sources */ = {isa = PBXBuildFile; fileRef = 606B77F220E16F9300871284 /* ComplexDatabaseInsertingTest.swift */; };
		606B77F520E16FBC00871284 /* Toy.swift in Sources */ = {isa = PBXBuildFile; fileRef = 606B77F420E16FBC00871284 /* Toy.swift */; };
		6091D00120DEE1E100D8F748 /* CSVHelper.swift in Sources */ = {isa = PBXBuildFile; fileRef = 6091D00020DEE1E100D8F748 /* CSVHelper.swift */; };
		60C19BA5209F068500E45DDE /* AppDelegate.swift in Sources */ = {isa = PBXBuildFile; fileRef = 60C19BA4209F068500E45DDE /* AppDelegate.swift */; };
		60C19BA7209F068500E45DDE /* ViewController.swift in Sources */ = {isa = PBXBuildFile; fileRef = 60C19BA6209F068500E45DDE /* ViewController.swift */; };
		60C19BAC209F068500E45DDE /* Assets.xcassets in Resources */ = {isa = PBXBuildFile; fileRef = 60C19BAB209F068500E45DDE /* Assets.xcassets */; };
		60C19BAF209F068500E45DDE /* LaunchScreen.storyboard in Resources */ = {isa = PBXBuildFile; fileRef = 60C19BAD209F068500E45DDE /* LaunchScreen.storyboard */; };
		60C3139120EA9E140018A5E7 /* AssetLoadingTest.swift in Sources */ = {isa = PBXBuildFile; fileRef = 60C3139020EA9E140018A5E7 /* AssetLoadingTest.swift */; };
		60C3139B20EAB69E0018A5E7 /* Asset64.png in Resources */ = {isa = PBXBuildFile; fileRef = 60C3139320EAB69C0018A5E7 /* Asset64.png */; };
		60C3139C20EAB69E0018A5E7 /* Asset1024.png in Resources */ = {isa = PBXBuildFile; fileRef = 60C3139420EAB69C0018A5E7 /* Asset1024.png */; };
		60C3139D20EAB69E0018A5E7 /* Asset2560.png in Resources */ = {isa = PBXBuildFile; fileRef = 60C3139520EAB69C0018A5E7 /* Asset2560.png */; };
		60C3139E20EAB69E0018A5E7 /* Asset5120.png in Resources */ = {isa = PBXBuildFile; fileRef = 60C3139620EAB69C0018A5E7 /* Asset5120.png */; };
		60C3139F20EAB69E0018A5E7 /* Asset128.png in Resources */ = {isa = PBXBuildFile; fileRef = 60C3139720EAB69C0018A5E7 /* Asset128.png */; };
		60C313A020EAB69E0018A5E7 /* Asset10240.png in Resources */ = {isa = PBXBuildFile; fileRef = 60C3139820EAB69E0018A5E7 /* Asset10240.png */; };
		60C313A120EAB69E0018A5E7 /* Asset512.png in Resources */ = {isa = PBXBuildFile; fileRef = 60C3139920EAB69E0018A5E7 /* Asset512.png */; };
		60C313A220EAB69E0018A5E7 /* Asset256.png in Resources */ = {isa = PBXBuildFile; fileRef = 60C3139A20EAB69E0018A5E7 /* Asset256.png */; };
		60C46CBC20EA93E800457A12 /* SimpleCalculationsSyncTest.swift in Sources */ = {isa = PBXBuildFile; fileRef = 60C46CBB20EA93E800457A12 /* SimpleCalculationsSyncTest.swift */; };
		60C46CBE20EA93F700457A12 /* SimpleCalculationsAsyncTest.swift in Sources */ = {isa = PBXBuildFile; fileRef = 60C46CBD20EA93F700457A12 /* SimpleCalculationsAsyncTest.swift */; };
		60C7CDF120CBEBCE0039C1DE /* HeavyCalculationsAsyncTest.swift in Sources */ = {isa = PBXBuildFile; fileRef = 60C7CDF020CBEBCE0039C1DE /* HeavyCalculationsAsyncTest.swift */; };
		60CD734820CB164C00EE9115 /* MainTabBarController.swift in Sources */ = {isa = PBXBuildFile; fileRef = 60CD734720CB164C00EE9115 /* MainTabBarController.swift */; };
		60CD735120CB16DF00EE9115 /* HomeController.xib in Resources */ = {isa = PBXBuildFile; fileRef = 60CD734F20CB16DF00EE9115 /* HomeController.xib */; };
		60CD735220CB16DF00EE9115 /* HomeController.swift in Sources */ = {isa = PBXBuildFile; fileRef = 60CD735020CB16DF00EE9115 /* HomeController.swift */; };
		60CD735520CB16F000EE9115 /* InfoController.xib in Resources */ = {isa = PBXBuildFile; fileRef = 60CD735320CB16F000EE9115 /* InfoController.xib */; };
		60CD735620CB16F000EE9115 /* InfoController.swift in Sources */ = {isa = PBXBuildFile; fileRef = 60CD735420CB16F000EE9115 /* InfoController.swift */; };
		60CD735920CB16FC00EE9115 /* TestDetailsController.xib in Resources */ = {isa = PBXBuildFile; fileRef = 60CD735720CB16FC00EE9115 /* TestDetailsController.xib */; };
		60CD735A20CB16FC00EE9115 /* TestDetailsController.swift in Sources */ = {isa = PBXBuildFile; fileRef = 60CD735820CB16FC00EE9115 /* TestDetailsController.swift */; };
		60CD735D20CB170600EE9115 /* TestListController.xib in Resources */ = {isa = PBXBuildFile; fileRef = 60CD735B20CB170600EE9115 /* TestListController.xib */; };
		60CD735E20CB170600EE9115 /* TestListController.swift in Sources */ = {isa = PBXBuildFile; fileRef = 60CD735C20CB170600EE9115 /* TestListController.swift */; };
		60CD736020CB1AD600EE9115 /* Test.swift in Sources */ = {isa = PBXBuildFile; fileRef = 60CD735F20CB1AD600EE9115 /* Test.swift */; };
		60CD736220CB1EC600EE9115 /* HeavyCalculationsSyncTest.swift in Sources */ = {isa = PBXBuildFile; fileRef = 60CD736120CB1EC600EE9115 /* HeavyCalculationsSyncTest.swift */; };
		60CD736420CB206400EE9115 /* TestListViewModel.swift in Sources */ = {isa = PBXBuildFile; fileRef = 60CD736320CB206400EE9115 /* TestListViewModel.swift */; };
		60CD736720CB212500EE9115 /* TestListCell.xib in Resources */ = {isa = PBXBuildFile; fileRef = 60CD736520CB212500EE9115 /* TestListCell.xib */; };
		60CD736820CB212500EE9115 /* TestListCell.swift in Sources */ = {isa = PBXBuildFile; fileRef = 60CD736620CB212500EE9115 /* TestListCell.swift */; };
		60DE80C92192D54800D58B19 /* SimpleDatabaseLoadingTest.swift in Sources */ = {isa = PBXBuildFile; fileRef = 60DE80C82192D54800D58B19 /* SimpleDatabaseLoadingTest.swift */; };
		60EA18422191AB6800346815 /* ComplicatedController.swift in Sources */ = {isa = PBXBuildFile; fileRef = 60EA18402191AB6800346815 /* ComplicatedController.swift */; };
		60EA18442191AD2900346815 /* LoadingControllerTest.swift in Sources */ = {isa = PBXBuildFile; fileRef = 60EA18432191AD2900346815 /* LoadingControllerTest.swift */; };
		60EA18462191CBE700346815 /* SimpleController.swift in Sources */ = {isa = PBXBuildFile; fileRef = 60EA18452191CBE700346815 /* SimpleController.swift */; };
		60EA18482191CD9300346815 /* LoadingComplicatedControllerTest.swift in Sources */ = {isa = PBXBuildFile; fileRef = 60EA18472191CD9300346815 /* LoadingComplicatedControllerTest.swift */; };
		60EA184A2191DF1200346815 /* UserDefaultsSaveTest.swift in Sources */ = {isa = PBXBuildFile; fileRef = 60EA18492191DF1200346815 /* UserDefaultsSaveTest.swift */; };
		60EA184C2191E44100346815 /* UserDefaultsLoadTest.swift in Sources */ = {isa = PBXBuildFile; fileRef = 60EA184B2191E44100346815 /* UserDefaultsLoadTest.swift */; };
		61F398032D6ADC66D23F855B /* Pods_PerfTester_Xcode.framework in Frameworks */ = {isa = PBXBuildFile; fileRef = 44FCD275BEF917014D96987E /* Pods_PerfTester_Xcode.framework */; };
/* End PBXBuildFile section */

/* Begin PBXFileReference section */
		04C60B8B137665C54410DD92 /* Pods-PerfTester-Xcode.debug.xcconfig */ = {isa = PBXFileReference; includeInIndex = 1; lastKnownFileType = text.xcconfig; name = "Pods-PerfTester-Xcode.debug.xcconfig"; path = "Pods/Target Support Files/Pods-PerfTester-Xcode/Pods-PerfTester-Xcode.debug.xcconfig"; sourceTree = "<group>"; };
		44FCD275BEF917014D96987E /* Pods_PerfTester_Xcode.framework */ = {isa = PBXFileReference; explicitFileType = wrapper.framework; includeInIndex = 0; path = Pods_PerfTester_Xcode.framework; sourceTree = BUILT_PRODUCTS_DIR; };
		6016CED820CBDC4100822F00 /* TestDetailsCell.xib */ = {isa = PBXFileReference; lastKnownFileType = file.xib; path = TestDetailsCell.xib; sourceTree = "<group>"; };
		6016CED920CBDC4100822F00 /* TestDetailsCell.swift */ = {isa = PBXFileReference; lastKnownFileType = sourcecode.swift; path = TestDetailsCell.swift; sourceTree = "<group>"; };
		6036D27D219304CA001F0A42 /* RandomizingTest.swift */ = {isa = PBXFileReference; lastKnownFileType = sourcecode.swift; path = RandomizingTest.swift; sourceTree = "<group>"; };
		6041623E20CDA02800C5C445 /* SimpleLoopTest.swift */ = {isa = PBXFileReference; lastKnownFileType = sourcecode.swift; path = SimpleLoopTest.swift; sourceTree = "<group>"; };
		6042F98420DFAFD800FEF480 /* Dog.swift */ = {isa = PBXFileReference; lastKnownFileType = sourcecode.swift; path = Dog.swift; sourceTree = "<group>"; };
		6042F98620DFAFE100FEF480 /* Person.swift */ = {isa = PBXFileReference; lastKnownFileType = sourcecode.swift; path = Person.swift; sourceTree = "<group>"; };
		6042F98820DFB3A200FEF480 /* SimpleDatabaseInsertingTest.swift */ = {isa = PBXFileReference; lastKnownFileType = sourcecode.swift; path = SimpleDatabaseInsertingTest.swift; sourceTree = "<group>"; };
		606B77F220E16F9300871284 /* ComplexDatabaseInsertingTest.swift */ = {isa = PBXFileReference; lastKnownFileType = sourcecode.swift; path = ComplexDatabaseInsertingTest.swift; sourceTree = "<group>"; };
		606B77F420E16FBC00871284 /* Toy.swift */ = {isa = PBXFileReference; lastKnownFileType = sourcecode.swift; path = Toy.swift; sourceTree = "<group>"; };
		6091D00020DEE1E100D8F748 /* CSVHelper.swift */ = {isa = PBXFileReference; lastKnownFileType = sourcecode.swift; path = CSVHelper.swift; sourceTree = "<group>"; };
		60C19BA1209F068500E45DDE /* PerfTester-Xcode.app */ = {isa = PBXFileReference; explicitFileType = wrapper.application; includeInIndex = 0; path = "PerfTester-Xcode.app"; sourceTree = BUILT_PRODUCTS_DIR; };
		60C19BA4209F068500E45DDE /* AppDelegate.swift */ = {isa = PBXFileReference; lastKnownFileType = sourcecode.swift; path = AppDelegate.swift; sourceTree = "<group>"; };
		60C19BA6209F068500E45DDE /* ViewController.swift */ = {isa = PBXFileReference; lastKnownFileType = sourcecode.swift; path = ViewController.swift; sourceTree = "<group>"; };
		60C19BAB209F068500E45DDE /* Assets.xcassets */ = {isa = PBXFileReference; lastKnownFileType = folder.assetcatalog; path = Assets.xcassets; sourceTree = "<group>"; };
		60C19BAE209F068500E45DDE /* Base */ = {isa = PBXFileReference; lastKnownFileType = file.storyboard; name = Base; path = Base.lproj/LaunchScreen.storyboard; sourceTree = "<group>"; };
		60C19BB0209F068500E45DDE /* Info.plist */ = {isa = PBXFileReference; lastKnownFileType = text.plist.xml; path = Info.plist; sourceTree = "<group>"; };
		60C3139020EA9E140018A5E7 /* AssetLoadingTest.swift */ = {isa = PBXFileReference; lastKnownFileType = sourcecode.swift; path = AssetLoadingTest.swift; sourceTree = "<group>"; };
		60C3139320EAB69C0018A5E7 /* Asset64.png */ = {isa = PBXFileReference; lastKnownFileType = image.png; path = Asset64.png; sourceTree = "<group>"; };
		60C3139420EAB69C0018A5E7 /* Asset1024.png */ = {isa = PBXFileReference; lastKnownFileType = image.png; path = Asset1024.png; sourceTree = "<group>"; };
		60C3139520EAB69C0018A5E7 /* Asset2560.png */ = {isa = PBXFileReference; lastKnownFileType = image.png; path = Asset2560.png; sourceTree = "<group>"; };
		60C3139620EAB69C0018A5E7 /* Asset5120.png */ = {isa = PBXFileReference; lastKnownFileType = image.png; path = Asset5120.png; sourceTree = "<group>"; };
		60C3139720EAB69C0018A5E7 /* Asset128.png */ = {isa = PBXFileReference; lastKnownFileType = image.png; path = Asset128.png; sourceTree = "<group>"; };
		60C3139820EAB69E0018A5E7 /* Asset10240.png */ = {isa = PBXFileReference; lastKnownFileType = image.png; path = Asset10240.png; sourceTree = "<group>"; };
		60C3139920EAB69E0018A5E7 /* Asset512.png */ = {isa = PBXFileReference; lastKnownFileType = image.png; path = Asset512.png; sourceTree = "<group>"; };
		60C3139A20EAB69E0018A5E7 /* Asset256.png */ = {isa = PBXFileReference; lastKnownFileType = image.png; path = Asset256.png; sourceTree = "<group>"; };
		60C46CBB20EA93E800457A12 /* SimpleCalculationsSyncTest.swift */ = {isa = PBXFileReference; lastKnownFileType = sourcecode.swift; path = SimpleCalculationsSyncTest.swift; sourceTree = "<group>"; };
		60C46CBD20EA93F700457A12 /* SimpleCalculationsAsyncTest.swift */ = {isa = PBXFileReference; lastKnownFileType = sourcecode.swift; path = SimpleCalculationsAsyncTest.swift; sourceTree = "<group>"; };
		60C7CDF020CBEBCE0039C1DE /* HeavyCalculationsAsyncTest.swift */ = {isa = PBXFileReference; lastKnownFileType = sourcecode.swift; path = HeavyCalculationsAsyncTest.swift; sourceTree = "<group>"; };
		60CD734720CB164C00EE9115 /* MainTabBarController.swift */ = {isa = PBXFileReference; lastKnownFileType = sourcecode.swift; path = MainTabBarController.swift; sourceTree = "<group>"; };
		60CD734F20CB16DF00EE9115 /* HomeController.xib */ = {isa = PBXFileReference; lastKnownFileType = file.xib; path = HomeController.xib; sourceTree = "<group>"; };
		60CD735020CB16DF00EE9115 /* HomeController.swift */ = {isa = PBXFileReference; lastKnownFileType = sourcecode.swift; path = HomeController.swift; sourceTree = "<group>"; };
		60CD735320CB16F000EE9115 /* InfoController.xib */ = {isa = PBXFileReference; lastKnownFileType = file.xib; path = InfoController.xib; sourceTree = "<group>"; };
		60CD735420CB16F000EE9115 /* InfoController.swift */ = {isa = PBXFileReference; lastKnownFileType = sourcecode.swift; path = InfoController.swift; sourceTree = "<group>"; };
		60CD735720CB16FC00EE9115 /* TestDetailsController.xib */ = {isa = PBXFileReference; lastKnownFileType = file.xib; path = TestDetailsController.xib; sourceTree = "<group>"; };
		60CD735820CB16FC00EE9115 /* TestDetailsController.swift */ = {isa = PBXFileReference; lastKnownFileType = sourcecode.swift; path = TestDetailsController.swift; sourceTree = "<group>"; };
		60CD735B20CB170600EE9115 /* TestListController.xib */ = {isa = PBXFileReference; lastKnownFileType = file.xib; path = TestListController.xib; sourceTree = "<group>"; };
		60CD735C20CB170600EE9115 /* TestListController.swift */ = {isa = PBXFileReference; lastKnownFileType = sourcecode.swift; path = TestListController.swift; sourceTree = "<group>"; };
		60CD735F20CB1AD600EE9115 /* Test.swift */ = {isa = PBXFileReference; lastKnownFileType = sourcecode.swift; path = Test.swift; sourceTree = "<group>"; };
		60CD736120CB1EC600EE9115 /* HeavyCalculationsSyncTest.swift */ = {isa = PBXFileReference; lastKnownFileType = sourcecode.swift; path = HeavyCalculationsSyncTest.swift; sourceTree = "<group>"; };
		60CD736320CB206400EE9115 /* TestListViewModel.swift */ = {isa = PBXFileReference; lastKnownFileType = sourcecode.swift; path = TestListViewModel.swift; sourceTree = "<group>"; };
		60CD736520CB212500EE9115 /* TestListCell.xib */ = {isa = PBXFileReference; lastKnownFileType = file.xib; path = TestListCell.xib; sourceTree = "<group>"; };
		60CD736620CB212500EE9115 /* TestListCell.swift */ = {isa = PBXFileReference; lastKnownFileType = sourcecode.swift; path = TestListCell.swift; sourceTree = "<group>"; };
		60DE80C82192D54800D58B19 /* SimpleDatabaseLoadingTest.swift */ = {isa = PBXFileReference; lastKnownFileType = sourcecode.swift; path = SimpleDatabaseLoadingTest.swift; sourceTree = "<group>"; };
		60EA18402191AB6800346815 /* ComplicatedController.swift */ = {isa = PBXFileReference; lastKnownFileType = sourcecode.swift; path = ComplicatedController.swift; sourceTree = "<group>"; };
		60EA18432191AD2900346815 /* LoadingControllerTest.swift */ = {isa = PBXFileReference; lastKnownFileType = sourcecode.swift; path = LoadingControllerTest.swift; sourceTree = "<group>"; };
		60EA18452191CBE700346815 /* SimpleController.swift */ = {isa = PBXFileReference; lastKnownFileType = sourcecode.swift; path = SimpleController.swift; sourceTree = "<group>"; };
		60EA18472191CD9300346815 /* LoadingComplicatedControllerTest.swift */ = {isa = PBXFileReference; lastKnownFileType = sourcecode.swift; path = LoadingComplicatedControllerTest.swift; sourceTree = "<group>"; };
		60EA18492191DF1200346815 /* UserDefaultsSaveTest.swift */ = {isa = PBXFileReference; lastKnownFileType = sourcecode.swift; path = UserDefaultsSaveTest.swift; sourceTree = "<group>"; };
		60EA184B2191E44100346815 /* UserDefaultsLoadTest.swift */ = {isa = PBXFileReference; lastKnownFileType = sourcecode.swift; path = UserDefaultsLoadTest.swift; sourceTree = "<group>"; };
		EB7358AB7E4F0833145CCA31 /* Pods-PerfTester-Xcode.release.xcconfig */ = {isa = PBXFileReference; includeInIndex = 1; lastKnownFileType = text.xcconfig; name = "Pods-PerfTester-Xcode.release.xcconfig"; path = "Pods/Target Support Files/Pods-PerfTester-Xcode/Pods-PerfTester-Xcode.release.xcconfig"; sourceTree = "<group>"; };
/* End PBXFileReference section */

/* Begin PBXFrameworksBuildPhase section */
		60C19B9E209F068500E45DDE /* Frameworks */ = {
			isa = PBXFrameworksBuildPhase;
			buildActionMask = 2147483647;
			files = (
				61F398032D6ADC66D23F855B /* Pods_PerfTester_Xcode.framework in Frameworks */,
			);
			runOnlyForDeploymentPostprocessing = 0;
		};
/* End PBXFrameworksBuildPhase section */

/* Begin PBXGroup section */
		5C59D09F77489D9EEC458349 /* Pods */ = {
			isa = PBXGroup;
			children = (
				04C60B8B137665C54410DD92 /* Pods-PerfTester-Xcode.debug.xcconfig */,
				EB7358AB7E4F0833145CCA31 /* Pods-PerfTester-Xcode.release.xcconfig */,
			);
			name = Pods;
			sourceTree = "<group>";
		};
		6042F98320DFAFCE00FEF480 /* Helpers */ = {
			isa = PBXGroup;
			children = (
				606B77F420E16FBC00871284 /* Toy.swift */,
				6042F98420DFAFD800FEF480 /* Dog.swift */,
				6042F98620DFAFE100FEF480 /* Person.swift */,
				60EA18402191AB6800346815 /* ComplicatedController.swift */,
				60EA18452191CBE700346815 /* SimpleController.swift */,
			);
			path = Helpers;
			sourceTree = "<group>";
		};
		6091CFFF20DEE1CD00D8F748 /* Helpers */ = {
			isa = PBXGroup;
			children = (
				6091D00020DEE1E100D8F748 /* CSVHelper.swift */,
			);
			path = Helpers;
			sourceTree = "<group>";
		};
		60C19B98209F068400E45DDE = {
			isa = PBXGroup;
			children = (
				60C19BA3209F068500E45DDE /* PerfTester-Xcode */,
				60C19BA2209F068500E45DDE /* Products */,
				5C59D09F77489D9EEC458349 /* Pods */,
				6FF9C7109F2CA38930912474 /* Frameworks */,
			);
			sourceTree = "<group>";
		};
		60C19BA2209F068500E45DDE /* Products */ = {
			isa = PBXGroup;
			children = (
				60C19BA1209F068500E45DDE /* PerfTester-Xcode.app */,
			);
			name = Products;
			sourceTree = "<group>";
		};
		60C19BA3209F068500E45DDE /* PerfTester-Xcode */ = {
			isa = PBXGroup;
			children = (
				6091CFFF20DEE1CD00D8F748 /* Helpers */,
				60CD734420CB162500EE9115 /* MainTabBar */,
				60CD734520CB162A00EE9115 /* Models */,
				60CD734620CB162D00EE9115 /* Screens */,
				60C19BA4209F068500E45DDE /* AppDelegate.swift */,
				60C19BA6209F068500E45DDE /* ViewController.swift */,
				60C3139220EAB6820018A5E7 /* Assets */,
				60C19BAB209F068500E45DDE /* Assets.xcassets */,
				60C19BAD209F068500E45DDE /* LaunchScreen.storyboard */,
				60C19BB0209F068500E45DDE /* Info.plist */,
			);
			path = "PerfTester-Xcode";
			sourceTree = "<group>";
		};
		60C3139220EAB6820018A5E7 /* Assets */ = {
			isa = PBXGroup;
			children = (
				60C3139320EAB69C0018A5E7 /* Asset64.png */,
				60C3139720EAB69C0018A5E7 /* Asset128.png */,
				60C3139A20EAB69E0018A5E7 /* Asset256.png */,
				60C3139920EAB69E0018A5E7 /* Asset512.png */,
				60C3139420EAB69C0018A5E7 /* Asset1024.png */,
				60C3139520EAB69C0018A5E7 /* Asset2560.png */,
				60C3139620EAB69C0018A5E7 /* Asset5120.png */,
				60C3139820EAB69E0018A5E7 /* Asset10240.png */,
			);
			path = Assets;
			sourceTree = "<group>";
		};
		60CD734420CB162500EE9115 /* MainTabBar */ = {
			isa = PBXGroup;
			children = (
				60CD734720CB164C00EE9115 /* MainTabBarController.swift */,
			);
			path = MainTabBar;
			sourceTree = "<group>";
		};
		60CD734520CB162A00EE9115 /* Models */ = {
			isa = PBXGroup;
			children = (
				6042F98320DFAFCE00FEF480 /* Helpers */,
				60CD735F20CB1AD600EE9115 /* Test.swift */,
				6041623E20CDA02800C5C445 /* SimpleLoopTest.swift */,
				6036D27D219304CA001F0A42 /* RandomizingTest.swift */,
				60C46CBB20EA93E800457A12 /* SimpleCalculationsSyncTest.swift */,
				60C46CBD20EA93F700457A12 /* SimpleCalculationsAsyncTest.swift */,
				60CD736120CB1EC600EE9115 /* HeavyCalculationsSyncTest.swift */,
				60C7CDF020CBEBCE0039C1DE /* HeavyCalculationsAsyncTest.swift */,
				6042F98820DFB3A200FEF480 /* SimpleDatabaseInsertingTest.swift */,
				606B77F220E16F9300871284 /* ComplexDatabaseInsertingTest.swift */,
				60DE80C82192D54800D58B19 /* SimpleDatabaseLoadingTest.swift */,
				60C3139020EA9E140018A5E7 /* AssetLoadingTest.swift */,
				60EA18432191AD2900346815 /* LoadingControllerTest.swift */,
				60EA18472191CD9300346815 /* LoadingComplicatedControllerTest.swift */,
				60EA18492191DF1200346815 /* UserDefaultsSaveTest.swift */,
				60EA184B2191E44100346815 /* UserDefaultsLoadTest.swift */,
			);
			path = Models;
			sourceTree = "<group>";
		};
		60CD734620CB162D00EE9115 /* Screens */ = {
			isa = PBXGroup;
			children = (
				60CD734920CB166100EE9115 /* Home */,
				60CD734A20CB169300EE9115 /* Info */,
				60CD734C20CB169B00EE9115 /* TestDetails */,
				60CD734B20CB169700EE9115 /* TestList */,
			);
			path = Screens;
			sourceTree = "<group>";
		};
		60CD734920CB166100EE9115 /* Home */ = {
			isa = PBXGroup;
			children = (
				60CD734F20CB16DF00EE9115 /* HomeController.xib */,
				60CD735020CB16DF00EE9115 /* HomeController.swift */,
			);
			path = Home;
			sourceTree = "<group>";
		};
		60CD734A20CB169300EE9115 /* Info */ = {
			isa = PBXGroup;
			children = (
				60CD735320CB16F000EE9115 /* InfoController.xib */,
				60CD735420CB16F000EE9115 /* InfoController.swift */,
			);
			path = Info;
			sourceTree = "<group>";
		};
		60CD734B20CB169700EE9115 /* TestList */ = {
			isa = PBXGroup;
			children = (
				60CD734D20CB16C700EE9115 /* Cells */,
				60CD735B20CB170600EE9115 /* TestListController.xib */,
				60CD735C20CB170600EE9115 /* TestListController.swift */,
				60CD736320CB206400EE9115 /* TestListViewModel.swift */,
			);
			path = TestList;
			sourceTree = "<group>";
		};
		60CD734C20CB169B00EE9115 /* TestDetails */ = {
			isa = PBXGroup;
			children = (
				60CD734E20CB16CA00EE9115 /* Cells */,
				60CD735720CB16FC00EE9115 /* TestDetailsController.xib */,
				60CD735820CB16FC00EE9115 /* TestDetailsController.swift */,
			);
			path = TestDetails;
			sourceTree = "<group>";
		};
		60CD734D20CB16C700EE9115 /* Cells */ = {
			isa = PBXGroup;
			children = (
				60CD736520CB212500EE9115 /* TestListCell.xib */,
				60CD736620CB212500EE9115 /* TestListCell.swift */,
			);
			path = Cells;
			sourceTree = "<group>";
		};
		60CD734E20CB16CA00EE9115 /* Cells */ = {
			isa = PBXGroup;
			children = (
				6016CED820CBDC4100822F00 /* TestDetailsCell.xib */,
				6016CED920CBDC4100822F00 /* TestDetailsCell.swift */,
			);
			path = Cells;
			sourceTree = "<group>";
		};
		6FF9C7109F2CA38930912474 /* Frameworks */ = {
			isa = PBXGroup;
			children = (
				44FCD275BEF917014D96987E /* Pods_PerfTester_Xcode.framework */,
			);
			name = Frameworks;
			sourceTree = "<group>";
		};
/* End PBXGroup section */

/* Begin PBXNativeTarget section */
		60C19BA0209F068500E45DDE /* PerfTester-Xcode */ = {
			isa = PBXNativeTarget;
			buildConfigurationList = 60C19BB3209F068500E45DDE /* Build configuration list for PBXNativeTarget "PerfTester-Xcode" */;
			buildPhases = (
				D60D956B64FE9896F172A044 /* [CP] Check Pods Manifest.lock */,
				60C19B9D209F068500E45DDE /* Sources */,
				60C19B9E209F068500E45DDE /* Frameworks */,
				60C19B9F209F068500E45DDE /* Resources */,
				436723AF2719039BF1BBE7CC /* [CP] Embed Pods Frameworks */,
			);
			buildRules = (
			);
			dependencies = (
			);
			name = "PerfTester-Xcode";
			productName = "PerfTester-Xcode";
			productReference = 60C19BA1209F068500E45DDE /* PerfTester-Xcode.app */;
			productType = "com.apple.product-type.application";
		};
/* End PBXNativeTarget section */

/* Begin PBXProject section */
		60C19B99209F068400E45DDE /* Project object */ = {
			isa = PBXProject;
			attributes = {
				LastSwiftUpdateCheck = 0930;
				LastUpgradeCheck = 0930;
				ORGANIZATIONNAME = private.perftesterxcode;
				TargetAttributes = {
					60C19BA0209F068500E45DDE = {
						CreatedOnToolsVersion = 9.3;
						LastSwiftMigration = 1000;
						ProvisioningStyle = Automatic;
					};
				};
			};
			buildConfigurationList = 60C19B9C209F068400E45DDE /* Build configuration list for PBXProject "PerfTester-Xcode" */;
			compatibilityVersion = "Xcode 8.0";
			developmentRegion = en;
			hasScannedForEncodings = 0;
			knownRegions = (
				en,
				Base,
			);
			mainGroup = 60C19B98209F068400E45DDE;
			productRefGroup = 60C19BA2209F068500E45DDE /* Products */;
			projectDirPath = "";
			projectRoot = "";
			targets = (
				60C19BA0209F068500E45DDE /* PerfTester-Xcode */,
			);
		};
/* End PBXProject section */

/* Begin PBXResourcesBuildPhase section */
		60C19B9F209F068500E45DDE /* Resources */ = {
			isa = PBXResourcesBuildPhase;
			buildActionMask = 2147483647;
			files = (
				60C313A020EAB69E0018A5E7 /* Asset10240.png in Resources */,
				60C3139B20EAB69E0018A5E7 /* Asset64.png in Resources */,
				60C19BAF209F068500E45DDE /* LaunchScreen.storyboard in Resources */,
				60CD736720CB212500EE9115 /* TestListCell.xib in Resources */,
				6016CEDA20CBDC4100822F00 /* TestDetailsCell.xib in Resources */,
				60C3139E20EAB69E0018A5E7 /* Asset5120.png in Resources */,
				60CD735120CB16DF00EE9115 /* HomeController.xib in Resources */,
				60C3139C20EAB69E0018A5E7 /* Asset1024.png in Resources */,
				60C19BAC209F068500E45DDE /* Assets.xcassets in Resources */,
				60C3139D20EAB69E0018A5E7 /* Asset2560.png in Resources */,
				60C3139F20EAB69E0018A5E7 /* Asset128.png in Resources */,
				60CD735920CB16FC00EE9115 /* TestDetailsController.xib in Resources */,
				60C313A220EAB69E0018A5E7 /* Asset256.png in Resources */,
				60C313A120EAB69E0018A5E7 /* Asset512.png in Resources */,
				60CD735520CB16F000EE9115 /* InfoController.xib in Resources */,
				60CD735D20CB170600EE9115 /* TestListController.xib in Resources */,
			);
			runOnlyForDeploymentPostprocessing = 0;
		};
/* End PBXResourcesBuildPhase section */

/* Begin PBXShellScriptBuildPhase section */
		436723AF2719039BF1BBE7CC /* [CP] Embed Pods Frameworks */ = {
			isa = PBXShellScriptBuildPhase;
			buildActionMask = 2147483647;
			files = (
			);
			inputPaths = (
				"${SRCROOT}/Pods/Target Support Files/Pods-PerfTester-Xcode/Pods-PerfTester-Xcode-frameworks.sh",
				"${BUILT_PRODUCTS_DIR}/Realm/Realm.framework",
				"${BUILT_PRODUCTS_DIR}/RealmSwift/RealmSwift.framework",
			);
			name = "[CP] Embed Pods Frameworks";
			outputPaths = (
				"${TARGET_BUILD_DIR}/${FRAMEWORKS_FOLDER_PATH}/Realm.framework",
				"${TARGET_BUILD_DIR}/${FRAMEWORKS_FOLDER_PATH}/RealmSwift.framework",
			);
			runOnlyForDeploymentPostprocessing = 0;
			shellPath = /bin/sh;
			shellScript = "\"${SRCROOT}/Pods/Target Support Files/Pods-PerfTester-Xcode/Pods-PerfTester-Xcode-frameworks.sh\"\n";
			showEnvVarsInLog = 0;
		};
		D60D956B64FE9896F172A044 /* [CP] Check Pods Manifest.lock */ = {
			isa = PBXShellScriptBuildPhase;
			buildActionMask = 2147483647;
			files = (
			);
			inputPaths = (
				"${PODS_PODFILE_DIR_PATH}/Podfile.lock",
				"${PODS_ROOT}/Manifest.lock",
			);
			name = "[CP] Check Pods Manifest.lock";
			outputPaths = (
				"$(DERIVED_FILE_DIR)/Pods-PerfTester-Xcode-checkManifestLockResult.txt",
			);
			runOnlyForDeploymentPostprocessing = 0;
			shellPath = /bin/sh;
			shellScript = "diff \"${PODS_PODFILE_DIR_PATH}/Podfile.lock\" \"${PODS_ROOT}/Manifest.lock\" > /dev/null\nif [ $? != 0 ] ; then\n    # print error to STDERR\n    echo \"error: The sandbox is not in sync with the Podfile.lock. Run 'pod install' or update your CocoaPods installation.\" >&2\n    exit 1\nfi\n# This output is used by Xcode 'outputs' to avoid re-running this script phase.\necho \"SUCCESS\" > \"${SCRIPT_OUTPUT_FILE_0}\"\n";
			showEnvVarsInLog = 0;
		};
/* End PBXShellScriptBuildPhase section */

/* Begin PBXSourcesBuildPhase section */
		60C19B9D209F068500E45DDE /* Sources */ = {
			isa = PBXSourcesBuildPhase;
			buildActionMask = 2147483647;
			files = (
				60CD736420CB206400EE9115 /* TestListViewModel.swift in Sources */,
				60CD735E20CB170600EE9115 /* TestListController.swift in Sources */,
				60CD736820CB212500EE9115 /* TestListCell.swift in Sources */,
				60CD736220CB1EC600EE9115 /* HeavyCalculationsSyncTest.swift in Sources */,
				6036D27E219304CA001F0A42 /* RandomizingTest.swift in Sources */,
				60C3139120EA9E140018A5E7 /* AssetLoadingTest.swift in Sources */,
				60C46CBC20EA93E800457A12 /* SimpleCalculationsSyncTest.swift in Sources */,
				6091D00120DEE1E100D8F748 /* CSVHelper.swift in Sources */,
				60EA18482191CD9300346815 /* LoadingComplicatedControllerTest.swift in Sources */,
				60CD735220CB16DF00EE9115 /* HomeController.swift in Sources */,
				60C19BA7209F068500E45DDE /* ViewController.swift in Sources */,
				60CD735A20CB16FC00EE9115 /* TestDetailsController.swift in Sources */,
				60C7CDF120CBEBCE0039C1DE /* HeavyCalculationsAsyncTest.swift in Sources */,
				60C19BA5209F068500E45DDE /* AppDelegate.swift in Sources */,
				6041623F20CDA02800C5C445 /* SimpleLoopTest.swift in Sources */,
				60CD736020CB1AD600EE9115 /* Test.swift in Sources */,
				60EA184A2191DF1200346815 /* UserDefaultsSaveTest.swift in Sources */,
				606B77F520E16FBC00871284 /* Toy.swift in Sources */,
				60CD734820CB164C00EE9115 /* MainTabBarController.swift in Sources */,
				6042F98920DFB3A200FEF480 /* SimpleDatabaseInsertingTest.swift in Sources */,
				60EA184C2191E44100346815 /* UserDefaultsLoadTest.swift in Sources */,
				6016CEDB20CBDC4100822F00 /* TestDetailsCell.swift in Sources */,
				6042F98720DFAFE100FEF480 /* Person.swift in Sources */,
				6042F98520DFAFD800FEF480 /* Dog.swift in Sources */,
				606B77F320E16F9300871284 /* ComplexDatabaseInsertingTest.swift in Sources */,
				60EA18462191CBE700346815 /* SimpleController.swift in Sources */,
				60C46CBE20EA93F700457A12 /* SimpleCalculationsAsyncTest.swift in Sources */,
				60EA18442191AD2900346815 /* LoadingControllerTest.swift in Sources */,
				60DE80C92192D54800D58B19 /* SimpleDatabaseLoadingTest.swift in Sources */,
				60CD735620CB16F000EE9115 /* InfoController.swift in Sources */,
				60EA18422191AB6800346815 /* ComplicatedController.swift in Sources */,
			);
			runOnlyForDeploymentPostprocessing = 0;
		};
/* End PBXSourcesBuildPhase section */

/* Begin PBXVariantGroup section */
		60C19BAD209F068500E45DDE /* LaunchScreen.storyboard */ = {
			isa = PBXVariantGroup;
			children = (
				60C19BAE209F068500E45DDE /* Base */,
			);
			name = LaunchScreen.storyboard;
			sourceTree = "<group>";
		};
/* End PBXVariantGroup section */

/* Begin XCBuildConfiguration section */
		60C19BB1209F068500E45DDE /* Debug */ = {
			isa = XCBuildConfiguration;
			buildSettings = {
				ALWAYS_SEARCH_USER_PATHS = NO;
				CLANG_ANALYZER_NONNULL = YES;
				CLANG_ANALYZER_NUMBER_OBJECT_CONVERSION = YES_AGGRESSIVE;
				CLANG_CXX_LANGUAGE_STANDARD = "gnu++14";
				CLANG_CXX_LIBRARY = "libc++";
				CLANG_ENABLE_MODULES = YES;
				CLANG_ENABLE_OBJC_ARC = YES;
				CLANG_ENABLE_OBJC_WEAK = YES;
				CLANG_WARN_BLOCK_CAPTURE_AUTORELEASING = YES;
				CLANG_WARN_BOOL_CONVERSION = YES;
				CLANG_WARN_COMMA = YES;
				CLANG_WARN_CONSTANT_CONVERSION = YES;
				CLANG_WARN_DEPRECATED_OBJC_IMPLEMENTATIONS = YES;
				CLANG_WARN_DIRECT_OBJC_ISA_USAGE = YES_ERROR;
				CLANG_WARN_DOCUMENTATION_COMMENTS = YES;
				CLANG_WARN_EMPTY_BODY = YES;
				CLANG_WARN_ENUM_CONVERSION = YES;
				CLANG_WARN_INFINITE_RECURSION = YES;
				CLANG_WARN_INT_CONVERSION = YES;
				CLANG_WARN_NON_LITERAL_NULL_CONVERSION = YES;
				CLANG_WARN_OBJC_IMPLICIT_RETAIN_SELF = YES;
				CLANG_WARN_OBJC_LITERAL_CONVERSION = YES;
				CLANG_WARN_OBJC_ROOT_CLASS = YES_ERROR;
				CLANG_WARN_RANGE_LOOP_ANALYSIS = YES;
				CLANG_WARN_STRICT_PROTOTYPES = YES;
				CLANG_WARN_SUSPICIOUS_MOVE = YES;
				CLANG_WARN_UNGUARDED_AVAILABILITY = YES_AGGRESSIVE;
				CLANG_WARN_UNREACHABLE_CODE = YES;
				CLANG_WARN__DUPLICATE_METHOD_MATCH = YES;
				CODE_SIGN_IDENTITY = "iPhone Developer";
				COPY_PHASE_STRIP = NO;
				DEBUG_INFORMATION_FORMAT = dwarf;
				ENABLE_STRICT_OBJC_MSGSEND = YES;
				ENABLE_TESTABILITY = YES;
				GCC_C_LANGUAGE_STANDARD = gnu11;
				GCC_DYNAMIC_NO_PIC = NO;
				GCC_NO_COMMON_BLOCKS = YES;
				GCC_OPTIMIZATION_LEVEL = 0;
				GCC_PREPROCESSOR_DEFINITIONS = (
					"DEBUG=1",
					"$(inherited)",
				);
				GCC_WARN_64_TO_32_BIT_CONVERSION = YES;
				GCC_WARN_ABOUT_RETURN_TYPE = YES_ERROR;
				GCC_WARN_UNDECLARED_SELECTOR = YES;
				GCC_WARN_UNINITIALIZED_AUTOS = YES_AGGRESSIVE;
				GCC_WARN_UNUSED_FUNCTION = YES;
				GCC_WARN_UNUSED_VARIABLE = YES;
				IPHONEOS_DEPLOYMENT_TARGET = 12.0;
				MTL_ENABLE_DEBUG_INFO = YES;
				ONLY_ACTIVE_ARCH = YES;
				SDKROOT = iphoneos;
				SWIFT_ACTIVE_COMPILATION_CONDITIONS = DEBUG;
				SWIFT_OPTIMIZATION_LEVEL = "-Onone";
				SWIFT_VERSION = 4.0;
			};
			name = Debug;
		};
		60C19BB2209F068500E45DDE /* Release */ = {
			isa = XCBuildConfiguration;
			buildSettings = {
				ALWAYS_SEARCH_USER_PATHS = NO;
				CLANG_ANALYZER_NONNULL = YES;
				CLANG_ANALYZER_NUMBER_OBJECT_CONVERSION = YES_AGGRESSIVE;
				CLANG_CXX_LANGUAGE_STANDARD = "gnu++14";
				CLANG_CXX_LIBRARY = "libc++";
				CLANG_ENABLE_MODULES = YES;
				CLANG_ENABLE_OBJC_ARC = YES;
				CLANG_ENABLE_OBJC_WEAK = YES;
				CLANG_WARN_BLOCK_CAPTURE_AUTORELEASING = YES;
				CLANG_WARN_BOOL_CONVERSION = YES;
				CLANG_WARN_COMMA = YES;
				CLANG_WARN_CONSTANT_CONVERSION = YES;
				CLANG_WARN_DEPRECATED_OBJC_IMPLEMENTATIONS = YES;
				CLANG_WARN_DIRECT_OBJC_ISA_USAGE = YES_ERROR;
				CLANG_WARN_DOCUMENTATION_COMMENTS = YES;
				CLANG_WARN_EMPTY_BODY = YES;
				CLANG_WARN_ENUM_CONVERSION = YES;
				CLANG_WARN_INFINITE_RECURSION = YES;
				CLANG_WARN_INT_CONVERSION = YES;
				CLANG_WARN_NON_LITERAL_NULL_CONVERSION = YES;
				CLANG_WARN_OBJC_IMPLICIT_RETAIN_SELF = YES;
				CLANG_WARN_OBJC_LITERAL_CONVERSION = YES;
				CLANG_WARN_OBJC_ROOT_CLASS = YES_ERROR;
				CLANG_WARN_RANGE_LOOP_ANALYSIS = YES;
				CLANG_WARN_STRICT_PROTOTYPES = YES;
				CLANG_WARN_SUSPICIOUS_MOVE = YES;
				CLANG_WARN_UNGUARDED_AVAILABILITY = YES_AGGRESSIVE;
				CLANG_WARN_UNREACHABLE_CODE = YES;
				CLANG_WARN__DUPLICATE_METHOD_MATCH = YES;
				CODE_SIGN_IDENTITY = "iPhone Developer";
				COPY_PHASE_STRIP = NO;
				DEBUG_INFORMATION_FORMAT = "dwarf-with-dsym";
				ENABLE_NS_ASSERTIONS = NO;
				ENABLE_STRICT_OBJC_MSGSEND = YES;
				GCC_C_LANGUAGE_STANDARD = gnu11;
				GCC_NO_COMMON_BLOCKS = YES;
				GCC_OPTIMIZATION_LEVEL = 0;
				GCC_WARN_64_TO_32_BIT_CONVERSION = YES;
				GCC_WARN_ABOUT_RETURN_TYPE = YES_ERROR;
				GCC_WARN_UNDECLARED_SELECTOR = YES;
				GCC_WARN_UNINITIALIZED_AUTOS = YES_AGGRESSIVE;
				GCC_WARN_UNUSED_FUNCTION = YES;
				GCC_WARN_UNUSED_VARIABLE = YES;
				IPHONEOS_DEPLOYMENT_TARGET = 12.0;
				MTL_ENABLE_DEBUG_INFO = NO;
				SDKROOT = iphoneos;
				SWIFT_OPTIMIZATION_LEVEL = "-Owholemodule";
				SWIFT_VERSION = 4.0;
				VALIDATE_PRODUCT = YES;
			};
			name = Release;
		};
		60C19BB4209F068500E45DDE /* Debug */ = {
			isa = XCBuildConfiguration;
			baseConfigurationReference = 04C60B8B137665C54410DD92 /* Pods-PerfTester-Xcode.debug.xcconfig */;
			buildSettings = {
				ASSETCATALOG_COMPILER_APPICON_NAME = AppIcon;
				CODE_SIGN_STYLE = Automatic;
				DEVELOPMENT_TEAM = V25VEFSA58;
				INFOPLIST_FILE = "PerfTester-Xcode/Info.plist";
				IPHONEOS_DEPLOYMENT_TARGET = 12.0;
				LD_RUNPATH_SEARCH_PATHS = "$(inherited) @executable_path/Frameworks";
				PRODUCT_BUNDLE_IDENTIFIER = "private.PerfTester-Xcode";
				PRODUCT_NAME = "$(TARGET_NAME)";
				SDKROOT = iphoneos;
				SWIFT_VERSION = 4.2;
				TARGETED_DEVICE_FAMILY = "1,2";
			};
			name = Debug;
		};
		60C19BB5209F068500E45DDE /* Release */ = {
			isa = XCBuildConfiguration;
			baseConfigurationReference = EB7358AB7E4F0833145CCA31 /* Pods-PerfTester-Xcode.release.xcconfig */;
			buildSettings = {
				ASSETCATALOG_COMPILER_APPICON_NAME = AppIcon;
				CODE_SIGN_STYLE = Automatic;
				DEVELOPMENT_TEAM = V25VEFSA58;
				INFOPLIST_FILE = "PerfTester-Xcode/Info.plist";
				IPHONEOS_DEPLOYMENT_TARGET = 12.0;
				LD_RUNPATH_SEARCH_PATHS = "$(inherited) @executable_path/Frameworks";
				PRODUCT_BUNDLE_IDENTIFIER = "private.PerfTester-Xcode";
				PRODUCT_NAME = "$(TARGET_NAME)";
				SDKROOT = iphoneos;
				SWIFT_VERSION = 4.2;
				TARGETED_DEVICE_FAMILY = "1,2";
			};
			name = Release;
		};
/* End XCBuildConfiguration section */

/* Begin XCConfigurationList section */
		60C19B9C209F068400E45DDE /* Build configuration list for PBXProject "PerfTester-Xcode" */ = {
			isa = XCConfigurationList;
			buildConfigurations = (
				60C19BB1209F068500E45DDE /* Debug */,
				60C19BB2209F068500E45DDE /* Release */,
			);
			defaultConfigurationIsVisible = 0;
			defaultConfigurationName = Release;
		};
		60C19BB3209F068500E45DDE /* Build configuration list for PBXNativeTarget "PerfTester-Xcode" */ = {
			isa = XCConfigurationList;
			buildConfigurations = (
				60C19BB4209F068500E45DDE /* Debug */,
				60C19BB5209F068500E45DDE /* Release */,
			);
			defaultConfigurationIsVisible = 0;
			defaultConfigurationName = Release;
		};
/* End XCConfigurationList section */
	};
	rootObject = 60C19B99209F068400E45DDE /* Project object */;
}
